
Microsoft Visual Studio Solution File, Format Version 12.00
# Visual Studio Version 17
VisualStudioVersion = 17.9.34701.34
MinimumVisualStudioVersion = 10.0.40219.1
Project("{FAE04EC0-301F-11D3-BF4B-00C04F79EFBC}") = "DNS", "DNS.csproj", "{03923AE2-E5FC-4238-A03F-E4154EDD04AA}"
EndProject
Global
	GlobalSection(SolutionConfigurationPlatforms) = preSolution
		Debug|Any CPU = Debug|Any CPU
		Release|Any CPU = Release|Any CPU
	EndGlobalSection
	GlobalSection(ProjectConfigurationPlatforms) = postSolution
		{03923AE2-E5FC-4238-A03F-E4154EDD04AA}.Debug|Any CPU.ActiveCfg = Debug|Any CPU
		{03923AE2-E5FC-4238-A03F-E4154EDD04AA}.Debug|Any CPU.Build.0 = Debug|Any CPU
		{03923AE2-E5FC-4238-A03F-E4154EDD04AA}.Release|Any CPU.ActiveCfg = Release|Any CPU
		{03923AE2-E5FC-4238-A03F-E4154EDD04AA}.Release|Any CPU.Build.0 = Release|Any CPU
	EndGlobalSection
	GlobalSection(SolutionProperties) = preSolution
		HideSolutionNode = FALSE
	EndGlobalSection
	GlobalSection(ExtensibilityGlobals) = postSolution
		SolutionGuid = {3803A662-B82B-4486-BE20-90237002ED24}
	EndGlobalSection
EndGlobal
