
Microsoft Visual Studio Solution File, Format Version 12.00
# Visual Studio Version 17
VisualStudioVersion = 17.9.34701.34
MinimumVisualStudioVersion = 10.0.40219.1
Project("{FAE04EC0-301F-11D3-BF4B-00C04F79EFBC}") = "Laborator4UtmShop", "Laborator4UtmShop.csproj", "{62806B56-8108-4AD4-A361-A48241A1FFE5}"
EndProject
Global
	GlobalSection(SolutionConfigurationPlatforms) = preSolution
		Debug|Any CPU = Debug|Any CPU
		Release|Any CPU = Release|Any CPU
	EndGlobalSection
	GlobalSection(ProjectConfigurationPlatforms) = postSolution
		{62806B56-8108-4AD4-A361-A48241A1FFE5}.Debug|Any CPU.ActiveCfg = Debug|Any CPU
		{62806B56-8108-4AD4-A361-A48241A1FFE5}.Debug|Any CPU.Build.0 = Debug|Any CPU
		{62806B56-8108-4AD4-A361-A48241A1FFE5}.Release|Any CPU.ActiveCfg = Release|Any CPU
		{62806B56-8108-4AD4-A361-A48241A1FFE5}.Release|Any CPU.Build.0 = Release|Any CPU
	EndGlobalSection
	GlobalSection(SolutionProperties) = preSolution
		HideSolutionNode = FALSE
	EndGlobalSection
	GlobalSection(ExtensibilityGlobals) = postSolution
		SolutionGuid = {1388D806-169D-4C6B-9C72-A7F25E4C3F5F}
	EndGlobalSection
EndGlobal
